
Microsoft Visual Studio Solution File, Format Version 11.00
# Visual Studio 2010
Project("{FAE04EC0-301F-11D3-BF4B-00C04F79EFBC}") = "Assembly-CSharp", "Assembly-CSharp.csproj", "{195ab205-5e29-bc5a-ab2f-abdb380812dc}"
EndProject
Project("{FAE04EC0-301F-11D3-BF4B-00C04F79EFBC}") = "Assembly-CSharp-Editor", "Assembly-CSharp-Editor.csproj", "{5ffbbad0-ed6f-fa8e-d1e7-6a1ce782e2ff}"
EndProject
Global
	GlobalSection(SolutionConfigurationPlatforms) = preSolution
		Debug|Any CPU = Debug|Any CPU
	EndGlobalSection
	GlobalSection(ProjectConfigurationPlatforms) = postSolution
		{195ab205-5e29-bc5a-ab2f-abdb380812dc}.Debug|Any CPU.ActiveCfg = Debug|Any CPU
		{195ab205-5e29-bc5a-ab2f-abdb380812dc}.Debug|Any CPU.Build.0 = Debug|Any CPU
		{5ffbbad0-ed6f-fa8e-d1e7-6a1ce782e2ff}.Debug|Any CPU.ActiveCfg = Debug|Any CPU
		{5ffbbad0-ed6f-fa8e-d1e7-6a1ce782e2ff}.Debug|Any CPU.Build.0 = Debug|Any CPU
	EndGlobalSection
	GlobalSection(SolutionProperties) = preSolution
		HideSolutionNode = FALSE
	EndGlobalSection
EndGlobal
